
Microsoft Visual Studio Solution File, Format Version 12.00
# Visual Studio Version 16
VisualStudioVersion = 16.0.31729.503
MinimumVisualStudioVersion = 10.0.40219.1
Project("{8BC9CEB8-8B4A-11D0-8D11-00A0C91BC942}") = "FacebookProject", "FacebookProject\FacebookProject.vcxproj", "{615451BF-9638-4C89-A925-36D622F695DA}"
EndProject
Global
	GlobalSection(SolutionConfigurationPlatforms) = preSolution
		Debug|x64 = Debug|x64
		Debug|x86 = Debug|x86
		Release|x64 = Release|x64
		Release|x86 = Release|x86
	EndGlobalSection
	GlobalSection(ProjectConfigurationPlatforms) = postSolution
		{615451BF-9638-4C89-A925-36D622F695DA}.Debug|x64.ActiveCfg = Debug|x64
		{615451BF-9638-4C89-A925-36D622F695DA}.Debug|x64.Build.0 = Debug|x64
		{615451BF-9638-4C89-A925-36D622F695DA}.Debug|x86.ActiveCfg = Debug|Win32
		{615451BF-9638-4C89-A925-36D622F695DA}.Debug|x86.Build.0 = Debug|Win32
		{615451BF-9638-4C89-A925-36D622F695DA}.Release|x64.ActiveCfg = Release|x64
		{615451BF-9638-4C89-A925-36D622F695DA}.Release|x64.Build.0 = Release|x64
		{615451BF-9638-4C89-A925-36D622F695DA}.Release|x86.ActiveCfg = Release|Win32
		{615451BF-9638-4C89-A925-36D622F695DA}.Release|x86.Build.0 = Release|Win32
	EndGlobalSection
	GlobalSection(SolutionProperties) = preSolution
		HideSolutionNode = FALSE
	EndGlobalSection
	GlobalSection(ExtensibilityGlobals) = postSolution
		SolutionGuid = {E7C7CADE-D05B-4231-B390-C58869B9A7F6}
	EndGlobalSection
EndGlobal
